// !$*UTF8*$!
{
	archiveVersion = 1;
	classes = {
	};
	objectVersion = 56;
	objects = {

/* Begin PBXBuildFile section */
		B96A8BD32BF7B7DD00290047 /* PhotoViewModel.swift in Sources */ = {isa = PBXBuildFile; fileRef = B96A8BD22BF7B7DD00290047 /* PhotoViewModel.swift */; };
		B96A8BD82BF7F80500290047 /* PhotoGridItemView.swift in Sources */ = {isa = PBXBuildFile; fileRef = B96A8BD72BF7F80500290047 /* PhotoGridItemView.swift */; };
		B96A8BDA2BF7FEA200290047 /* PhotoDetailView.swift in Sources */ = {isa = PBXBuildFile; fileRef = B96A8BD92BF7FEA200290047 /* PhotoDetailView.swift */; };
		B96D67F22BF91F14008A08EB /* User.swift in Sources */ = {isa = PBXBuildFile; fileRef = B96D67F12BF91F14008A08EB /* User.swift */; };
		B96D67F42BF91F52008A08EB /* URLs.swift in Sources */ = {isa = PBXBuildFile; fileRef = B96D67F32BF91F52008A08EB /* URLs.swift */; };
		B9914A982BFACBBE009BA540 /* ContentView.swift in Sources */ = {isa = PBXBuildFile; fileRef = B9914A972BFACBBE009BA540 /* ContentView.swift */; };
		B9914A9A2BFACCE6009BA540 /* LoadingView.swift in Sources */ = {isa = PBXBuildFile; fileRef = B9914A992BFACCE6009BA540 /* LoadingView.swift */; };
		B9914A9C2BFACD2F009BA540 /* ErrorView.swift in Sources */ = {isa = PBXBuildFile; fileRef = B9914A9B2BFACD2F009BA540 /* ErrorView.swift */; };
		B9914A9F2BFAEF36009BA540 /* APIService.swift in Sources */ = {isa = PBXBuildFile; fileRef = B9914A9E2BFAEF36009BA540 /* APIService.swift */; };
		B9914AA12BFAEF64009BA540 /* APIServiceProtocol.swift in Sources */ = {isa = PBXBuildFile; fileRef = B9914AA02BFAEF64009BA540 /* APIServiceProtocol.swift */; };
		B9914AA32BFAEF9A009BA540 /* APIError.swift in Sources */ = {isa = PBXBuildFile; fileRef = B9914AA22BFAEF9A009BA540 /* APIError.swift */; };
		B9914AA82BFB00B5009BA540 /* APIMockService.swift in Sources */ = {isa = PBXBuildFile; fileRef = B9914AA72BFB00B5009BA540 /* APIMockService.swift */; };
		B9914AAA2BFB0401009BA540 /* ProfileImage.swift in Sources */ = {isa = PBXBuildFile; fileRef = B9914AA92BFB0401009BA540 /* ProfileImage.swift */; };
		B9AB50502BF691CF00EDC55E /* Photo.swift in Sources */ = {isa = PBXBuildFile; fileRef = B9AB504F2BF691CF00EDC55E /* Photo.swift */; };
		B9AC41F42BFB1B4100D51868 /* Utils.swift in Sources */ = {isa = PBXBuildFile; fileRef = B9AC41F32BFB1B4100D51868 /* Utils.swift */; };
		B9AC41F62BFB27E200D51868 /* Readme.md in Resources */ = {isa = PBXBuildFile; fileRef = B9AC41F52BFB27E200D51868 /* Readme.md */; };
		B9E94F172BF435CD00F8DEDE /* CosmosApp.swift in Sources */ = {isa = PBXBuildFile; fileRef = B9E94F162BF435CD00F8DEDE /* CosmosApp.swift */; };
		B9E94F192BF435CD00F8DEDE /* PhotoGridView.swift in Sources */ = {isa = PBXBuildFile; fileRef = B9E94F182BF435CD00F8DEDE /* PhotoGridView.swift */; };
		B9E94F1B2BF435CF00F8DEDE /* Assets.xcassets in Resources */ = {isa = PBXBuildFile; fileRef = B9E94F1A2BF435CF00F8DEDE /* Assets.xcassets */; };
		B9E94F1E2BF435CF00F8DEDE /* Preview Assets.xcassets in Resources */ = {isa = PBXBuildFile; fileRef = B9E94F1D2BF435CF00F8DEDE /* Preview Assets.xcassets */; };
/* End PBXBuildFile section */

/* Begin PBXFileReference section */
		B96A8BD22BF7B7DD00290047 /* PhotoViewModel.swift */ = {isa = PBXFileReference; lastKnownFileType = sourcecode.swift; path = PhotoViewModel.swift; sourceTree = "<group>"; };
		B96A8BD72BF7F80500290047 /* PhotoGridItemView.swift */ = {isa = PBXFileReference; lastKnownFileType = sourcecode.swift; path = PhotoGridItemView.swift; sourceTree = "<group>"; };
		B96A8BD92BF7FEA200290047 /* PhotoDetailView.swift */ = {isa = PBXFileReference; lastKnownFileType = sourcecode.swift; path = PhotoDetailView.swift; sourceTree = "<group>"; };
		B96D67F12BF91F14008A08EB /* User.swift */ = {isa = PBXFileReference; lastKnownFileType = sourcecode.swift; path = User.swift; sourceTree = "<group>"; };
		B96D67F32BF91F52008A08EB /* URLs.swift */ = {isa = PBXFileReference; lastKnownFileType = sourcecode.swift; path = URLs.swift; sourceTree = "<group>"; };
		B9914A972BFACBBE009BA540 /* ContentView.swift */ = {isa = PBXFileReference; lastKnownFileType = sourcecode.swift; path = ContentView.swift; sourceTree = "<group>"; };
		B9914A992BFACCE6009BA540 /* LoadingView.swift */ = {isa = PBXFileReference; lastKnownFileType = sourcecode.swift; path = LoadingView.swift; sourceTree = "<group>"; };
		B9914A9B2BFACD2F009BA540 /* ErrorView.swift */ = {isa = PBXFileReference; lastKnownFileType = sourcecode.swift; path = ErrorView.swift; sourceTree = "<group>"; };
		B9914A9E2BFAEF36009BA540 /* APIService.swift */ = {isa = PBXFileReference; lastKnownFileType = sourcecode.swift; path = APIService.swift; sourceTree = "<group>"; };
		B9914AA02BFAEF64009BA540 /* APIServiceProtocol.swift */ = {isa = PBXFileReference; lastKnownFileType = sourcecode.swift; path = APIServiceProtocol.swift; sourceTree = "<group>"; };
		B9914AA22BFAEF9A009BA540 /* APIError.swift */ = {isa = PBXFileReference; lastKnownFileType = sourcecode.swift; path = APIError.swift; sourceTree = "<group>"; };
		B9914AA72BFB00B5009BA540 /* APIMockService.swift */ = {isa = PBXFileReference; lastKnownFileType = sourcecode.swift; path = APIMockService.swift; sourceTree = "<group>"; };
		B9914AA92BFB0401009BA540 /* ProfileImage.swift */ = {isa = PBXFileReference; lastKnownFileType = sourcecode.swift; path = ProfileImage.swift; sourceTree = "<group>"; };
		B9AB504F2BF691CF00EDC55E /* Photo.swift */ = {isa = PBXFileReference; lastKnownFileType = sourcecode.swift; path = Photo.swift; sourceTree = "<group>"; };
		B9AC41F32BFB1B4100D51868 /* Utils.swift */ = {isa = PBXFileReference; lastKnownFileType = sourcecode.swift; path = Utils.swift; sourceTree = "<group>"; };
		B9AC41F52BFB27E200D51868 /* Readme.md */ = {isa = PBXFileReference; lastKnownFileType = net.daringfireball.markdown; path = Readme.md; sourceTree = "<group>"; };
		B9E94F132BF435CD00F8DEDE /* Cosmos.app */ = {isa = PBXFileReference; explicitFileType = wrapper.application; includeInIndex = 0; path = Cosmos.app; sourceTree = BUILT_PRODUCTS_DIR; };
		B9E94F162BF435CD00F8DEDE /* CosmosApp.swift */ = {isa = PBXFileReference; lastKnownFileType = sourcecode.swift; path = CosmosApp.swift; sourceTree = "<group>"; };
		B9E94F182BF435CD00F8DEDE /* PhotoGridView.swift */ = {isa = PBXFileReference; lastKnownFileType = sourcecode.swift; path = PhotoGridView.swift; sourceTree = "<group>"; };
		B9E94F1A2BF435CF00F8DEDE /* Assets.xcassets */ = {isa = PBXFileReference; lastKnownFileType = folder.assetcatalog; path = Assets.xcassets; sourceTree = "<group>"; };
		B9E94F1D2BF435CF00F8DEDE /* Preview Assets.xcassets */ = {isa = PBXFileReference; lastKnownFileType = folder.assetcatalog; path = "Preview Assets.xcassets"; sourceTree = "<group>"; };
/* End PBXFileReference section */

/* Begin PBXFrameworksBuildPhase section */
		B9E94F102BF435CD00F8DEDE /* Frameworks */ = {
			isa = PBXFrameworksBuildPhase;
			buildActionMask = 2147483647;
			files = (
			);
			runOnlyForDeploymentPostprocessing = 0;
		};
/* End PBXFrameworksBuildPhase section */

/* Begin PBXGroup section */
		B96A8BD12BF7B7C900290047 /* ViewModels */ = {
			isa = PBXGroup;
			children = (
				B96A8BD22BF7B7DD00290047 /* PhotoViewModel.swift */,
			);
			path = ViewModels;
			sourceTree = "<group>";
		};
		B96A8BD62BF7D3CF00290047 /* Views */ = {
			isa = PBXGroup;
			children = (
				B9E94F182BF435CD00F8DEDE /* PhotoGridView.swift */,
				B96A8BD72BF7F80500290047 /* PhotoGridItemView.swift */,
				B96A8BD92BF7FEA200290047 /* PhotoDetailView.swift */,
				B9914A972BFACBBE009BA540 /* ContentView.swift */,
				B9914A992BFACCE6009BA540 /* LoadingView.swift */,
				B9914A9B2BFACD2F009BA540 /* ErrorView.swift */,
			);
			path = Views;
			sourceTree = "<group>";
		};
		B9914A9D2BFAEF21009BA540 /* Networking */ = {
			isa = PBXGroup;
			children = (
				B9914A9E2BFAEF36009BA540 /* APIService.swift */,
				B9914AA02BFAEF64009BA540 /* APIServiceProtocol.swift */,
				B9914AA22BFAEF9A009BA540 /* APIError.swift */,
				B9914AA72BFB00B5009BA540 /* APIMockService.swift */,
			);
			path = Networking;
			sourceTree = "<group>";
		};
		B9AB504E2BF691A300EDC55E /* Models */ = {
			isa = PBXGroup;
			children = (
				B9AB504F2BF691CF00EDC55E /* Photo.swift */,
				B96D67F12BF91F14008A08EB /* User.swift */,
				B96D67F32BF91F52008A08EB /* URLs.swift */,
				B9914AA92BFB0401009BA540 /* ProfileImage.swift */,
			);
			path = Models;
			sourceTree = "<group>";
		};
		B9AC41F22BFB1B3400D51868 /* Helpers */ = {
			isa = PBXGroup;
			children = (
				B9AC41F32BFB1B4100D51868 /* Utils.swift */,
			);
			path = Helpers;
			sourceTree = "<group>";
		};
		B9E94F0A2BF435CD00F8DEDE = {
			isa = PBXGroup;
			children = (
				B9AC41F52BFB27E200D51868 /* Readme.md */,
				B9E94F152BF435CD00F8DEDE /* Cosmos */,
				B9E94F142BF435CD00F8DEDE /* Products */,
			);
			sourceTree = "<group>";
		};
		B9E94F142BF435CD00F8DEDE /* Products */ = {
			isa = PBXGroup;
			children = (
				B9E94F132BF435CD00F8DEDE /* Cosmos.app */,
			);
			name = Products;
			sourceTree = "<group>";
		};
		B9E94F152BF435CD00F8DEDE /* Cosmos */ = {
			isa = PBXGroup;
			children = (
				B9AC41F22BFB1B3400D51868 /* Helpers */,
				B9914A9D2BFAEF21009BA540 /* Networking */,
				B96A8BD62BF7D3CF00290047 /* Views */,
				B96A8BD12BF7B7C900290047 /* ViewModels */,
				B9AB504E2BF691A300EDC55E /* Models */,
				B9E94F162BF435CD00F8DEDE /* CosmosApp.swift */,
				B9E94F1A2BF435CF00F8DEDE /* Assets.xcassets */,
				B9E94F1C2BF435CF00F8DEDE /* Preview Content */,
			);
			path = Cosmos;
			sourceTree = "<group>";
		};
		B9E94F1C2BF435CF00F8DEDE /* Preview Content */ = {
			isa = PBXGroup;
			children = (
				B9E94F1D2BF435CF00F8DEDE /* Preview Assets.xcassets */,
			);
			path = "Preview Content";
			sourceTree = "<group>";
		};
/* End PBXGroup section */

/* Begin PBXNativeTarget section */
		B9E94F122BF435CD00F8DEDE /* Cosmos */ = {
			isa = PBXNativeTarget;
			buildConfigurationList = B9E94F212BF435CF00F8DEDE /* Build configuration list for PBXNativeTarget "Cosmos" */;
			buildPhases = (
				B9E94F0F2BF435CD00F8DEDE /* Sources */,
				B9E94F102BF435CD00F8DEDE /* Frameworks */,
				B9E94F112BF435CD00F8DEDE /* Resources */,
			);
			buildRules = (
			);
			dependencies = (
			);
			name = Cosmos;
			packageProductDependencies = (
			);
			productName = Cosmos;
			productReference = B9E94F132BF435CD00F8DEDE /* Cosmos.app */;
			productType = "com.apple.product-type.application";
		};
/* End PBXNativeTarget section */

/* Begin PBXProject section */
		B9E94F0B2BF435CD00F8DEDE /* Project object */ = {
			isa = PBXProject;
			attributes = {
				BuildIndependentTargetsInParallel = 1;
				LastSwiftUpdateCheck = 1420;
				LastUpgradeCheck = 1420;
				TargetAttributes = {
					B9E94F122BF435CD00F8DEDE = {
						CreatedOnToolsVersion = 14.2;
					};
				};
			};
			buildConfigurationList = B9E94F0E2BF435CD00F8DEDE /* Build configuration list for PBXProject "Cosmos" */;
			compatibilityVersion = "Xcode 14.0";
			developmentRegion = en;
			hasScannedForEncodings = 0;
			knownRegions = (
				en,
				Base,
			);
			mainGroup = B9E94F0A2BF435CD00F8DEDE;
			packageReferences = (
			);
			productRefGroup = B9E94F142BF435CD00F8DEDE /* Products */;
			projectDirPath = "";
			projectRoot = "";
			targets = (
				B9E94F122BF435CD00F8DEDE /* Cosmos */,
			);
		};
/* End PBXProject section */

/* Begin PBXResourcesBuildPhase section */
		B9E94F112BF435CD00F8DEDE /* Resources */ = {
			isa = PBXResourcesBuildPhase;
			buildActionMask = 2147483647;
			files = (
				B9E94F1E2BF435CF00F8DEDE /* Preview Assets.xcassets in Resources */,
				B9E94F1B2BF435CF00F8DEDE /* Assets.xcassets in Resources */,
				B9AC41F62BFB27E200D51868 /* Readme.md in Resources */,
			);
			runOnlyForDeploymentPostprocessing = 0;
		};
/* End PBXResourcesBuildPhase section */

/* Begin PBXSourcesBuildPhase section */
		B9E94F0F2BF435CD00F8DEDE /* Sources */ = {
			isa = PBXSourcesBuildPhase;
			buildActionMask = 2147483647;
			files = (
				B9AB50502BF691CF00EDC55E /* Photo.swift in Sources */,
				B9914AAA2BFB0401009BA540 /* ProfileImage.swift in Sources */,
				B96D67F42BF91F52008A08EB /* URLs.swift in Sources */,
				B96A8BD82BF7F80500290047 /* PhotoGridItemView.swift in Sources */,
				B96A8BDA2BF7FEA200290047 /* PhotoDetailView.swift in Sources */,
				B9914A9A2BFACCE6009BA540 /* LoadingView.swift in Sources */,
				B9914A9F2BFAEF36009BA540 /* APIService.swift in Sources */,
				B9E94F192BF435CD00F8DEDE /* PhotoGridView.swift in Sources */,
				B9914AA12BFAEF64009BA540 /* APIServiceProtocol.swift in Sources */,
				B9AC41F42BFB1B4100D51868 /* Utils.swift in Sources */,
				B96D67F22BF91F14008A08EB /* User.swift in Sources */,
				B9E94F172BF435CD00F8DEDE /* CosmosApp.swift in Sources */,
				B9914AA82BFB00B5009BA540 /* APIMockService.swift in Sources */,
				B9914A9C2BFACD2F009BA540 /* ErrorView.swift in Sources */,
				B9914A982BFACBBE009BA540 /* ContentView.swift in Sources */,
				B96A8BD32BF7B7DD00290047 /* PhotoViewModel.swift in Sources */,
				B9914AA32BFAEF9A009BA540 /* APIError.swift in Sources */,
			);
			runOnlyForDeploymentPostprocessing = 0;
		};
/* End PBXSourcesBuildPhase section */

/* Begin XCBuildConfiguration section */
		B9E94F1F2BF435CF00F8DEDE /* Debug */ = {
			isa = XCBuildConfiguration;
			buildSettings = {
				ALWAYS_SEARCH_USER_PATHS = NO;
				CLANG_ANALYZER_NONNULL = YES;
				CLANG_ANALYZER_NUMBER_OBJECT_CONVERSION = YES_AGGRESSIVE;
				CLANG_CXX_LANGUAGE_STANDARD = "gnu++20";
				CLANG_ENABLE_MODULES = YES;
				CLANG_ENABLE_OBJC_ARC = YES;
				CLANG_ENABLE_OBJC_WEAK = YES;
				CLANG_WARN_BLOCK_CAPTURE_AUTORELEASING = YES;
				CLANG_WARN_BOOL_CONVERSION = YES;
				CLANG_WARN_COMMA = YES;
				CLANG_WARN_CONSTANT_CONVERSION = YES;
				CLANG_WARN_DEPRECATED_OBJC_IMPLEMENTATIONS = YES;
				CLANG_WARN_DIRECT_OBJC_ISA_USAGE = YES_ERROR;
				CLANG_WARN_DOCUMENTATION_COMMENTS = YES;
				CLANG_WARN_EMPTY_BODY = YES;
				CLANG_WARN_ENUM_CONVERSION = YES;
				CLANG_WARN_INFINITE_RECURSION = YES;
				CLANG_WARN_INT_CONVERSION = YES;
				CLANG_WARN_NON_LITERAL_NULL_CONVERSION = YES;
				CLANG_WARN_OBJC_IMPLICIT_RETAIN_SELF = YES;
				CLANG_WARN_OBJC_LITERAL_CONVERSION = YES;
				CLANG_WARN_OBJC_ROOT_CLASS = YES_ERROR;
				CLANG_WARN_QUOTED_INCLUDE_IN_FRAMEWORK_HEADER = YES;
				CLANG_WARN_RANGE_LOOP_ANALYSIS = YES;
				CLANG_WARN_STRICT_PROTOTYPES = YES;
				CLANG_WARN_SUSPICIOUS_MOVE = YES;
				CLANG_WARN_UNGUARDED_AVAILABILITY = YES_AGGRESSIVE;
				CLANG_WARN_UNREACHABLE_CODE = YES;
				CLANG_WARN__DUPLICATE_METHOD_MATCH = YES;
				COPY_PHASE_STRIP = NO;
				DEBUG_INFORMATION_FORMAT = dwarf;
				ENABLE_STRICT_OBJC_MSGSEND = YES;
				ENABLE_TESTABILITY = YES;
				GCC_C_LANGUAGE_STANDARD = gnu11;
				GCC_DYNAMIC_NO_PIC = NO;
				GCC_NO_COMMON_BLOCKS = YES;
				GCC_OPTIMIZATION_LEVEL = 0;
				GCC_PREPROCESSOR_DEFINITIONS = (
					"DEBUG=1",
					"$(inherited)",
				);
				GCC_WARN_64_TO_32_BIT_CONVERSION = YES;
				GCC_WARN_ABOUT_RETURN_TYPE = YES_ERROR;
				GCC_WARN_UNDECLARED_SELECTOR = YES;
				GCC_WARN_UNINITIALIZED_AUTOS = YES_AGGRESSIVE;
				GCC_WARN_UNUSED_FUNCTION = YES;
				GCC_WARN_UNUSED_VARIABLE = YES;
				IPHONEOS_DEPLOYMENT_TARGET = 16.2;
				MTL_ENABLE_DEBUG_INFO = INCLUDE_SOURCE;
				MTL_FAST_MATH = YES;
				ONLY_ACTIVE_ARCH = YES;
				SDKROOT = iphoneos;
				SWIFT_ACTIVE_COMPILATION_CONDITIONS = DEBUG;
				SWIFT_OPTIMIZATION_LEVEL = "-Onone";
			};
			name = Debug;
		};
		B9E94F202BF435CF00F8DEDE /* Release */ = {
			isa = XCBuildConfiguration;
			buildSettings = {
				ALWAYS_SEARCH_USER_PATHS = NO;
				CLANG_ANALYZER_NONNULL = YES;
				CLANG_ANALYZER_NUMBER_OBJECT_CONVERSION = YES_AGGRESSIVE;
				CLANG_CXX_LANGUAGE_STANDARD = "gnu++20";
				CLANG_ENABLE_MODULES = YES;
				CLANG_ENABLE_OBJC_ARC = YES;
				CLANG_ENABLE_OBJC_WEAK = YES;
				CLANG_WARN_BLOCK_CAPTURE_AUTORELEASING = YES;
				CLANG_WARN_BOOL_CONVERSION = YES;
				CLANG_WARN_COMMA = YES;
				CLANG_WARN_CONSTANT_CONVERSION = YES;
				CLANG_WARN_DEPRECATED_OBJC_IMPLEMENTATIONS = YES;
				CLANG_WARN_DIRECT_OBJC_ISA_USAGE = YES_ERROR;
				CLANG_WARN_DOCUMENTATION_COMMENTS = YES;
				CLANG_WARN_EMPTY_BODY = YES;
				CLANG_WARN_ENUM_CONVERSION = YES;
				CLANG_WARN_INFINITE_RECURSION = YES;
				CLANG_WARN_INT_CONVERSION = YES;
				CLANG_WARN_NON_LITERAL_NULL_CONVERSION = YES;
				CLANG_WARN_OBJC_IMPLICIT_RETAIN_SELF = YES;
				CLANG_WARN_OBJC_LITERAL_CONVERSION = YES;
				CLANG_WARN_OBJC_ROOT_CLASS = YES_ERROR;
				CLANG_WARN_QUOTED_INCLUDE_IN_FRAMEWORK_HEADER = YES;
				CLANG_WARN_RANGE_LOOP_ANALYSIS = YES;
				CLANG_WARN_STRICT_PROTOTYPES = YES;
				CLANG_WARN_SUSPICIOUS_MOVE = YES;
				CLANG_WARN_UNGUARDED_AVAILABILITY = YES_AGGRESSIVE;
				CLANG_WARN_UNREACHABLE_CODE = YES;
				CLANG_WARN__DUPLICATE_METHOD_MATCH = YES;
				COPY_PHASE_STRIP = NO;
				DEBUG_INFORMATION_FORMAT = "dwarf-with-dsym";
				ENABLE_NS_ASSERTIONS = NO;
				ENABLE_STRICT_OBJC_MSGSEND = YES;
				GCC_C_LANGUAGE_STANDARD = gnu11;
				GCC_NO_COMMON_BLOCKS = YES;
				GCC_WARN_64_TO_32_BIT_CONVERSION = YES;
				GCC_WARN_ABOUT_RETURN_TYPE = YES_ERROR;
				GCC_WARN_UNDECLARED_SELECTOR = YES;
				GCC_WARN_UNINITIALIZED_AUTOS = YES_AGGRESSIVE;
				GCC_WARN_UNUSED_FUNCTION = YES;
				GCC_WARN_UNUSED_VARIABLE = YES;
				IPHONEOS_DEPLOYMENT_TARGET = 16.2;
				MTL_ENABLE_DEBUG_INFO = NO;
				MTL_FAST_MATH = YES;
				SDKROOT = iphoneos;
				SWIFT_COMPILATION_MODE = wholemodule;
				SWIFT_OPTIMIZATION_LEVEL = "-O";
				VALIDATE_PRODUCT = YES;
			};
			name = Release;
		};
		B9E94F222BF435CF00F8DEDE /* Debug */ = {
			isa = XCBuildConfiguration;
			buildSettings = {
				ASSETCATALOG_COMPILER_APPICON_NAME = AppIcon;
				ASSETCATALOG_COMPILER_GLOBAL_ACCENT_COLOR_NAME = AccentColor;
				CODE_SIGN_STYLE = Automatic;
				CURRENT_PROJECT_VERSION = 1;
				DEVELOPMENT_ASSET_PATHS = "\"Cosmos/Preview Content\"";
				DEVELOPMENT_TEAM = 99672XQ3WP;
				ENABLE_PREVIEWS = YES;
				GENERATE_INFOPLIST_FILE = YES;
				INFOPLIST_KEY_CFBundleDisplayName = Nova;
				INFOPLIST_KEY_UIApplicationSceneManifest_Generation = YES;
				INFOPLIST_KEY_UIApplicationSupportsIndirectInputEvents = YES;
				INFOPLIST_KEY_UILaunchScreen_Generation = YES;
				INFOPLIST_KEY_UISupportedInterfaceOrientations = UIInterfaceOrientationPortrait;
				INFOPLIST_KEY_UISupportedInterfaceOrientations_iPad = "UIInterfaceOrientationPortrait UIInterfaceOrientationPortraitUpsideDown";
				LD_RUNPATH_SEARCH_PATHS = (
					"$(inherited)",
					"@executable_path/Frameworks",
				);
				MARKETING_VERSION = 1.0;
				PRODUCT_BUNDLE_IDENTIFIER = com.shri.Cosmos;
				PRODUCT_NAME = "$(TARGET_NAME)";
				SWIFT_EMIT_LOC_STRINGS = YES;
				SWIFT_VERSION = 5.0;
				TARGETED_DEVICE_FAMILY = "1,2";
			};
			name = Debug;
		};
		B9E94F232BF435CF00F8DEDE /* Release */ = {
			isa = XCBuildConfiguration;
			buildSettings = {
				ASSETCATALOG_COMPILER_APPICON_NAME = AppIcon;
				ASSETCATALOG_COMPILER_GLOBAL_ACCENT_COLOR_NAME = AccentColor;
				CODE_SIGN_STYLE = Automatic;
				CURRENT_PROJECT_VERSION = 1;
				DEVELOPMENT_ASSET_PATHS = "\"Cosmos/Preview Content\"";
				DEVELOPMENT_TEAM = 99672XQ3WP;
				ENABLE_PREVIEWS = YES;
				GENERATE_INFOPLIST_FILE = YES;
				INFOPLIST_KEY_CFBundleDisplayName = Nova;
				INFOPLIST_KEY_UIApplicationSceneManifest_Generation = YES;
				INFOPLIST_KEY_UIApplicationSupportsIndirectInputEvents = YES;
				INFOPLIST_KEY_UILaunchScreen_Generation = YES;
				INFOPLIST_KEY_UISupportedInterfaceOrientations = UIInterfaceOrientationPortrait;
				INFOPLIST_KEY_UISupportedInterfaceOrientations_iPad = "UIInterfaceOrientationPortrait UIInterfaceOrientationPortraitUpsideDown";
				LD_RUNPATH_SEARCH_PATHS = (
					"$(inherited)",
					"@executable_path/Frameworks",
				);
				MARKETING_VERSION = 1.0;
				PRODUCT_BUNDLE_IDENTIFIER = com.shri.Cosmos;
				PRODUCT_NAME = "$(TARGET_NAME)";
				SWIFT_EMIT_LOC_STRINGS = YES;
				SWIFT_VERSION = 5.0;
				TARGETED_DEVICE_FAMILY = "1,2";
			};
			name = Release;
		};
/* End XCBuildConfiguration section */

/* Begin XCConfigurationList section */
		B9E94F0E2BF435CD00F8DEDE /* Build configuration list for PBXProject "Cosmos" */ = {
			isa = XCConfigurationList;
			buildConfigurations = (
				B9E94F1F2BF435CF00F8DEDE /* Debug */,
				B9E94F202BF435CF00F8DEDE /* Release */,
			);
			defaultConfigurationIsVisible = 0;
			defaultConfigurationName = Release;
		};
		B9E94F212BF435CF00F8DEDE /* Build configuration list for PBXNativeTarget "Cosmos" */ = {
			isa = XCConfigurationList;
			buildConfigurations = (
				B9E94F222BF435CF00F8DEDE /* Debug */,
				B9E94F232BF435CF00F8DEDE /* Release */,
			);
			defaultConfigurationIsVisible = 0;
			defaultConfigurationName = Release;
		};
/* End XCConfigurationList section */
	};
	rootObject = B9E94F0B2BF435CD00F8DEDE /* Project object */;
}
